
Microsoft Visual Studio Solution File, Format Version 12.00
# Visual Studio 15
VisualStudioVersion = 15.0.28010.2048
MinimumVisualStudioVersion = 10.0.40219.1
Project("{FAE04EC0-301F-11D3-BF4B-00C04F79EFBC}") = "BootstrapWebSayfam", "BootstrapWebSayfam\BootstrapWebSayfam.csproj", "{9C5BE6FF-B259-42A3-B765-563682876242}"
EndProject
Global
	GlobalSection(SolutionConfigurationPlatforms) = preSolution
		Debug|Any CPU = Debug|Any CPU
		Release|Any CPU = Release|Any CPU
	EndGlobalSection
	GlobalSection(ProjectConfigurationPlatforms) = postSolution
		{9C5BE6FF-B259-42A3-B765-563682876242}.Debug|Any CPU.ActiveCfg = Debug|Any CPU
		{9C5BE6FF-B259-42A3-B765-563682876242}.Debug|Any CPU.Build.0 = Debug|Any CPU
		{9C5BE6FF-B259-42A3-B765-563682876242}.Release|Any CPU.ActiveCfg = Release|Any CPU
		{9C5BE6FF-B259-42A3-B765-563682876242}.Release|Any CPU.Build.0 = Release|Any CPU
	EndGlobalSection
	GlobalSection(SolutionProperties) = preSolution
		HideSolutionNode = FALSE
	EndGlobalSection
	GlobalSection(ExtensibilityGlobals) = postSolution
		SolutionGuid = {38F7B59C-2031-4D74-BD0F-87A07494FB29}
	EndGlobalSection
EndGlobal
